
Microsoft Visual Studio Solution File, Format Version 12.00
# Visual Studio Version 16
VisualStudioVersion = 16.0.31829.152
MinimumVisualStudioVersion = 10.0.40219.1
Project("{FAE04EC0-301F-11D3-BF4B-00C04F79EFBC}") = "CRUDESandMVC", "CRUDESandMVC\CRUDESandMVC.csproj", "{2D3CBF13-0E1B-4F77-AAFE-CA40C1853752}"
EndProject
Project("{FAE04EC0-301F-11D3-BF4B-00C04F79EFBC}") = "Elastic.DBSetUp", "Elastic.DBSetUp\Elastic.DBSetUp.csproj", "{9F88C826-9C38-4711-8D06-A49E490B81F4}"
EndProject
Project("{FAE04EC0-301F-11D3-BF4B-00C04F79EFBC}") = "Common.Data", "Common.Data\Common.Data.csproj", "{B2005D0B-065E-4EDA-95A8-843D066FAA60}"
EndProject
Global
	GlobalSection(SolutionConfigurationPlatforms) = preSolution
		Debug|Any CPU = Debug|Any CPU
		Release|Any CPU = Release|Any CPU
	EndGlobalSection
	GlobalSection(ProjectConfigurationPlatforms) = postSolution
		{2D3CBF13-0E1B-4F77-AAFE-CA40C1853752}.Debug|Any CPU.ActiveCfg = Debug|Any CPU
		{2D3CBF13-0E1B-4F77-AAFE-CA40C1853752}.Debug|Any CPU.Build.0 = Debug|Any CPU
		{2D3CBF13-0E1B-4F77-AAFE-CA40C1853752}.Release|Any CPU.ActiveCfg = Release|Any CPU
		{2D3CBF13-0E1B-4F77-AAFE-CA40C1853752}.Release|Any CPU.Build.0 = Release|Any CPU
		{9F88C826-9C38-4711-8D06-A49E490B81F4}.Debug|Any CPU.ActiveCfg = Debug|Any CPU
		{9F88C826-9C38-4711-8D06-A49E490B81F4}.Debug|Any CPU.Build.0 = Debug|Any CPU
		{9F88C826-9C38-4711-8D06-A49E490B81F4}.Release|Any CPU.ActiveCfg = Release|Any CPU
		{9F88C826-9C38-4711-8D06-A49E490B81F4}.Release|Any CPU.Build.0 = Release|Any CPU
		{B2005D0B-065E-4EDA-95A8-843D066FAA60}.Debug|Any CPU.ActiveCfg = Debug|Any CPU
		{B2005D0B-065E-4EDA-95A8-843D066FAA60}.Debug|Any CPU.Build.0 = Debug|Any CPU
		{B2005D0B-065E-4EDA-95A8-843D066FAA60}.Release|Any CPU.ActiveCfg = Release|Any CPU
		{B2005D0B-065E-4EDA-95A8-843D066FAA60}.Release|Any CPU.Build.0 = Release|Any CPU
	EndGlobalSection
	GlobalSection(SolutionProperties) = preSolution
		HideSolutionNode = FALSE
	EndGlobalSection
	GlobalSection(ExtensibilityGlobals) = postSolution
		SolutionGuid = {F5D33C62-F871-4692-B468-D14D6FBF7F24}
	EndGlobalSection
EndGlobal
